{
  "version": 4,
  "terraform_version": "1.0.11",
  "serial": 11,
  "lineage": "0c7b3cf5-9229-d1cb-b8e1-94d6859a8560",
  "outputs": {},
  "resources": [
    {
      "module": "module.k3s[\"k3s-1.vm.athena.mareo.fr\"]",
      "mode": "managed",
      "type": "dns_a_record_set",
      "name": "dns",
      "provider": "provider[\"registry.terraform.io/hashicorp/dns\"]",
      "instances": [
        {
          "schema_version": 0,
          "attributes": {
            "addresses": [
              "192.168.0.1"
            ],
            "id": "k3s-1.vm.athena.mareo.fr.",
            "name": "k3s-1.vm.athena",
            "ttl": 3600,
            "zone": "mareo.fr."
          },
          "sensitive_attributes": [],
          "private": "bnVsbA=="
        }
      ]
    },
    {
      "module": "module.k3s[\"k3s-1.vm.athena.mareo.fr\"]",
      "mode": "managed",
      "type": "proxmox_vm_qemu",
      "name": "vm",
      "provider": "provider[\"registry.terraform.io/telmate/proxmox\"]",
      "instances": [
        {
          "schema_version": 0,
          "attributes": {
            "additional_wait": 0,
            "agent": 0,
            "args": "",
            "automatic_reboot": true,
            "balloon": 512,
            "bios": "seabios",
            "boot": "order=scsi0;ide2",
            "bootdisk": "",
            "bridge": "",
            "ci_wait": null,
            "cicustom": "",
            "cipassword": "",
            "ciuser": "root",
            "clone": "ubuntu-22.04-cloudinit-amd64",
            "clone_wait": 0,
            "cloudinit_cdrom_storage": "rbd",
            "cores": 4,
            "cpu": "host",
            "default_ipv4_address": null,
            "define_connection_info": true,
            "desc": "",
            "disk": [
              {
                "aio": "",
                "backup": 0,
                "cache": "none",
                "discard": "on",
                "file": "base-9000-disk-0/vm-100-disk-0",
                "format": "raw",
                "iothread": 0,
                "mbps": 0,
                "mbps_rd": 0,
                "mbps_rd_max": 0,
                "mbps_wr": 0,
                "mbps_wr_max": 0,
                "media": "",
                "replicate": 0,
                "size": "64G",
                "slot": 0,
                "ssd": 1,
                "storage": "rbd",
                "storage_type": "rbd",
                "type": "scsi",
                "volume": "rbd:base-9000-disk-0/vm-100-disk-0"
              }
            ],
            "disk_gb": 0,
            "force_create": false,
            "force_recreate_on_change_of": null,
            "full_clone": false,
            "guest_agent_ready_timeout": 100,
            "hagroup": "",
            "hastate": "",
            "hotplug": "network,disk,usb",
            "id": "athena/qemu/100",
            "ipconfig0": "ip=dhcp",
            "ipconfig1": "",
            "ipconfig2": "",
            "ipconfig3": "",
            "ipconfig4": "",
            "ipconfig5": "",
            "iso": null,
            "kvm": true,
            "mac": "",
            "memory": 8192,
            "name": "k3s-1.vm.athena.mareo.fr",
            "nameserver": "",
            "network": [
              {
                "bridge": "vmbr0",
                "firewall": false,
                "link_down": false,
                "macaddr": "0e:a6:7d:72:7e:01",
                "model": "virtio",
                "mtu": 0,
                "queues": 0,
                "rate": 0,
                "tag": -1
              }
            ],
            "nic": "",
            "numa": false,
            "onboot": true,
            "oncreate": true,
            "os_network_config": null,
            "os_type": "cloud-init",
            "pool": "athena",
            "preprovision": true,
            "pxe": null,
            "qemu_os": "other",
            "reboot_required": false,
            "scsihw": "virtio-scsi-pci",
            "searchdomain": "",
            "serial": [
              {
                "id": 0,
                "type": "socket"
              }
            ],
            "sockets": 1,
            "ssh_forward_ip": null,
            "ssh_host": null,
            "ssh_port": null,
            "ssh_private_key": null,
            "ssh_user": null,
            "sshkeys": "ssh-ed25519 AAAAC3NzaC1lZDI1NTE5AAAAIMVxiogrQvZfJs23ajIV9ooc8hWGJyumLHM0t+E4Hv4m cardno-00061134188\n",
            "storage": "",
            "storage_type": "",
            "tablet": false,
            "tags": "ansible,k3s_masters",
            "target_node": "athena",
            "timeouts": null,
            "unused_disk": [],
            "usb": [],
            "vcpus": 4,
            "vga": [
              {
                "memory": 0,
                "type": "serial0"
              }
            ],
            "vlan": -1,
            "vmid": null
          },
          "sensitive_attributes": [],
          "private": "eyJlMmJmYjczMC1lY2FhLTExZTYtOGY4OC0zNDM2M2JjN2M0YzAiOnsiY3JlYXRlIjozMDAwMDAwMDAwMDAsImRlZmF1bHQiOjMwMDAwMDAwMDAwMCwiZGVsZXRlIjoxODAwMDAwMDAwMDAsInJlYWQiOjE4MDAwMDAwMDAwMCwidXBkYXRlIjoxODAwMDAwMDAwMDB9fQ=="
        }
      ]
    }
  ]
}
